
Microsoft Visual Studio Solution File, Format Version 12.00
# Visual Studio 15
VisualStudioVersion = 15.0.26124.0
MinimumVisualStudioVersion = 15.0.26124.0
Project("{FAE04EC0-301F-11D3-BF4B-00C04F79EFBC}") = "Model", "Model\Model.csproj", "{82F39EA2-D610-4186-ADB7-8DC3A2E2CB59}"
EndProject
Project("{FAE04EC0-301F-11D3-BF4B-00C04F79EFBC}") = "ModelTests", "ModelTests\ModelTests.csproj", "{0274C7A9-7220-4D16-99C8-46D0B32456CD}"
EndProject
Project("{FAE04EC0-301F-11D3-BF4B-00C04F79EFBC}") = "WebAPI", "WebAPI\WebAPI.csproj", "{8BF2E5F5-C0A2-40E4-AF74-291A87993474}"
EndProject
Global
	GlobalSection(SolutionConfigurationPlatforms) = preSolution
		Debug|Any CPU = Debug|Any CPU
		Debug|x64 = Debug|x64
		Debug|x86 = Debug|x86
		Release|Any CPU = Release|Any CPU
		Release|x64 = Release|x64
		Release|x86 = Release|x86
	EndGlobalSection
	GlobalSection(SolutionProperties) = preSolution
		HideSolutionNode = FALSE
	EndGlobalSection
	GlobalSection(ProjectConfigurationPlatforms) = postSolution
		{82F39EA2-D610-4186-ADB7-8DC3A2E2CB59}.Debug|Any CPU.ActiveCfg = Debug|Any CPU
		{82F39EA2-D610-4186-ADB7-8DC3A2E2CB59}.Debug|Any CPU.Build.0 = Debug|Any CPU
		{82F39EA2-D610-4186-ADB7-8DC3A2E2CB59}.Debug|x64.ActiveCfg = Debug|Any CPU
		{82F39EA2-D610-4186-ADB7-8DC3A2E2CB59}.Debug|x64.Build.0 = Debug|Any CPU
		{82F39EA2-D610-4186-ADB7-8DC3A2E2CB59}.Debug|x86.ActiveCfg = Debug|Any CPU
		{82F39EA2-D610-4186-ADB7-8DC3A2E2CB59}.Debug|x86.Build.0 = Debug|Any CPU
		{82F39EA2-D610-4186-ADB7-8DC3A2E2CB59}.Release|Any CPU.ActiveCfg = Release|Any CPU
		{82F39EA2-D610-4186-ADB7-8DC3A2E2CB59}.Release|Any CPU.Build.0 = Release|Any CPU
		{82F39EA2-D610-4186-ADB7-8DC3A2E2CB59}.Release|x64.ActiveCfg = Release|Any CPU
		{82F39EA2-D610-4186-ADB7-8DC3A2E2CB59}.Release|x64.Build.0 = Release|Any CPU
		{82F39EA2-D610-4186-ADB7-8DC3A2E2CB59}.Release|x86.ActiveCfg = Release|Any CPU
		{82F39EA2-D610-4186-ADB7-8DC3A2E2CB59}.Release|x86.Build.0 = Release|Any CPU
		{0274C7A9-7220-4D16-99C8-46D0B32456CD}.Debug|Any CPU.ActiveCfg = Debug|Any CPU
		{0274C7A9-7220-4D16-99C8-46D0B32456CD}.Debug|Any CPU.Build.0 = Debug|Any CPU
		{0274C7A9-7220-4D16-99C8-46D0B32456CD}.Debug|x64.ActiveCfg = Debug|Any CPU
		{0274C7A9-7220-4D16-99C8-46D0B32456CD}.Debug|x64.Build.0 = Debug|Any CPU
		{0274C7A9-7220-4D16-99C8-46D0B32456CD}.Debug|x86.ActiveCfg = Debug|Any CPU
		{0274C7A9-7220-4D16-99C8-46D0B32456CD}.Debug|x86.Build.0 = Debug|Any CPU
		{0274C7A9-7220-4D16-99C8-46D0B32456CD}.Release|Any CPU.ActiveCfg = Release|Any CPU
		{0274C7A9-7220-4D16-99C8-46D0B32456CD}.Release|Any CPU.Build.0 = Release|Any CPU
		{0274C7A9-7220-4D16-99C8-46D0B32456CD}.Release|x64.ActiveCfg = Release|Any CPU
		{0274C7A9-7220-4D16-99C8-46D0B32456CD}.Release|x64.Build.0 = Release|Any CPU
		{0274C7A9-7220-4D16-99C8-46D0B32456CD}.Release|x86.ActiveCfg = Release|Any CPU
		{0274C7A9-7220-4D16-99C8-46D0B32456CD}.Release|x86.Build.0 = Release|Any CPU
		{8BF2E5F5-C0A2-40E4-AF74-291A87993474}.Debug|Any CPU.ActiveCfg = Debug|Any CPU
		{8BF2E5F5-C0A2-40E4-AF74-291A87993474}.Debug|Any CPU.Build.0 = Debug|Any CPU
		{8BF2E5F5-C0A2-40E4-AF74-291A87993474}.Debug|x64.ActiveCfg = Debug|Any CPU
		{8BF2E5F5-C0A2-40E4-AF74-291A87993474}.Debug|x64.Build.0 = Debug|Any CPU
		{8BF2E5F5-C0A2-40E4-AF74-291A87993474}.Debug|x86.ActiveCfg = Debug|Any CPU
		{8BF2E5F5-C0A2-40E4-AF74-291A87993474}.Debug|x86.Build.0 = Debug|Any CPU
		{8BF2E5F5-C0A2-40E4-AF74-291A87993474}.Release|Any CPU.ActiveCfg = Release|Any CPU
		{8BF2E5F5-C0A2-40E4-AF74-291A87993474}.Release|Any CPU.Build.0 = Release|Any CPU
		{8BF2E5F5-C0A2-40E4-AF74-291A87993474}.Release|x64.ActiveCfg = Release|Any CPU
		{8BF2E5F5-C0A2-40E4-AF74-291A87993474}.Release|x64.Build.0 = Release|Any CPU
		{8BF2E5F5-C0A2-40E4-AF74-291A87993474}.Release|x86.ActiveCfg = Release|Any CPU
		{8BF2E5F5-C0A2-40E4-AF74-291A87993474}.Release|x86.Build.0 = Release|Any CPU
	EndGlobalSection
EndGlobal
